{
  "name": "whatsapp-mc",
  "version": "1.0.0",
  "lockfileVersion": 3,
  "requires": true,
  "packages": {
    "": {
      "name": "whatsapp-mc",
      "version": "1.0.0",
      "license": "ISC",
      "dependencies": {
        "@prisma/client": "^5.4.2",
        "prisma": "^5.4.2"
      },
      "devDependencies": {
        "@types/node": "^20.8.6",
        "typescript": "^5.2.2"
      }
    },
    "node_modules/@prisma/client": {
      "version": "5.4.2",
      "resolved": "https://registry.npmjs.org/@prisma/client/-/client-5.4.2.tgz",
      "integrity": "sha512-2xsPaz4EaMKj1WS9iW6MlPhmbqtBsXAOeVttSePp8vTFTtvzh2hZbDgswwBdSCgPzmmwF+tLB259QzggvCmJqA==",
      "hasInstallScript": true,
      "dependencies": {
        "@prisma/engines-version": "5.4.1-2.ac9d7041ed77bcc8a8dbd2ab6616b39013829574"
      },
      "engines": {
        "node": ">=16.13"
      },
      "peerDependencies": {
        "prisma": "*"
      },
      "peerDependenciesMeta": {
        "prisma": {
          "optional": true
        }
      }
    },
    "node_modules/@prisma/engines": {
      "version": "5.4.2",
      "resolved": "https://registry.npmjs.org/@prisma/engines/-/engines-5.4.2.tgz",
      "integrity": "sha512-fqeucJ3LH0e1eyFdT0zRx+oETLancu5+n4lhiYECyEz6H2RDskPJHJYHkVc0LhkU4Uv7fuEnppKU3nVKNzMh8g==",
      "hasInstallScript": true
    },
    "node_modules/@prisma/engines-version": {
      "version": "5.4.1-2.ac9d7041ed77bcc8a8dbd2ab6616b39013829574",
      "resolved": "https://registry.npmjs.org/@prisma/engines-version/-/engines-version-5.4.1-2.ac9d7041ed77bcc8a8dbd2ab6616b39013829574.tgz",
      "integrity": "sha512-wvupDL4AA1vf4TQNANg7kR7y98ITqPsk6aacfBxZKtrJKRIsWjURHkZCGcQliHdqCiW/hGreO6d6ZuSv9MhdAA=="
    },
    "node_modules/@types/node": {
      "version": "20.8.6",
      "resolved": "https://registry.npmjs.org/@types/node/-/node-20.8.6.tgz",
      "integrity": "sha512-eWO4K2Ji70QzKUqRy6oyJWUeB7+g2cRagT3T/nxYibYcT4y2BDL8lqolRXjTHmkZCdJfIPaY73KbJAZmcryxTQ==",
      "dev": true,
      "dependencies": {
        "undici-types": "~5.25.1"
      }
    },
    "node_modules/prisma": {
      "version": "5.4.2",
      "resolved": "https://registry.npmjs.org/prisma/-/prisma-5.4.2.tgz",
      "integrity": "sha512-GDMZwZy7mysB2oXU+angQqJ90iaPFdD0rHaZNkn+dio5NRkGLmMqmXs31//tg/qXT3iB0cTQwnGGQNuirhSTZg==",
      "hasInstallScript": true,
      "dependencies": {
        "@prisma/engines": "5.4.2"
      },
      "bin": {
        "prisma": "build/index.js"
      },
      "engines": {
        "node": ">=16.13"
      }
    },
    "node_modules/typescript": {
      "version": "5.2.2",
      "resolved": "https://registry.npmjs.org/typescript/-/typescript-5.2.2.tgz",
      "integrity": "sha512-mI4WrpHsbCIcwT9cF4FZvr80QUeKvsUsUvKDoR+X/7XHQH98xYD8YHZg7ANtz2GtZt/CBq2QJ0thkGJMHfqc1w==",
      "dev": true,
      "bin": {
        "tsc": "bin/tsc",
        "tsserver": "bin/tsserver"
      },
      "engines": {
        "node": ">=14.17"
      }
    },
    "node_modules/undici-types": {
      "version": "5.25.3",
      "resolved": "https://registry.npmjs.org/undici-types/-/undici-types-5.25.3.tgz",
      "integrity": "sha512-Ga1jfYwRn7+cP9v8auvEXN1rX3sWqlayd4HP7OKk4mZWylEmu3KzXDUGrQUN6Ol7qo1gPvB2e5gX6udnyEPgdA==",
      "dev": true
    }
  }
}
